
Microsoft Visual Studio Solution File, Format Version 12.00
# Visual Studio 15
VisualStudioVersion = 15.0.33919.361
MinimumVisualStudioVersion = 10.0.40219.1
Project("{F184B08F-C81C-45F6-A57F-5ABD9991F28F}") = "Airlines Passenger Growth 1", "Airlines Passenger Growth 1\Airlines Passenger Growth 1.vbproj", "{C512378C-40FC-4DF8-94B1-3C963D780493}"
EndProject
Global
	GlobalSection(SolutionConfigurationPlatforms) = preSolution
		Debug|Any CPU = Debug|Any CPU
		Release|Any CPU = Release|Any CPU
	EndGlobalSection
	GlobalSection(ProjectConfigurationPlatforms) = postSolution
		{C512378C-40FC-4DF8-94B1-3C963D780493}.Debug|Any CPU.ActiveCfg = Debug|Any CPU
		{C512378C-40FC-4DF8-94B1-3C963D780493}.Debug|Any CPU.Build.0 = Debug|Any CPU
		{C512378C-40FC-4DF8-94B1-3C963D780493}.Release|Any CPU.ActiveCfg = Release|Any CPU
		{C512378C-40FC-4DF8-94B1-3C963D780493}.Release|Any CPU.Build.0 = Release|Any CPU
	EndGlobalSection
	GlobalSection(SolutionProperties) = preSolution
		HideSolutionNode = FALSE
	EndGlobalSection
	GlobalSection(ExtensibilityGlobals) = postSolution
		SolutionGuid = {ED339BB3-D345-4D94-A738-6393A0A43438}
	EndGlobalSection
EndGlobal
